<?xml version="1.0" encoding="utf-8"?>
<Project ToolsVersion="4.0" xmlns="http://schemas.microsoft.com/developer/msbuild/2003">
  <ItemGroup>
    <Filter Include="Source Files">
      <UniqueIdentifier>{4FC737F1-C7A5-4376-A066-2A32D752A2FF}</UniqueIdentifier>
      <Extensions>cpp;c;cc;cxx;def;odl;idl;hpj;bat;asm;asmx</Extensions>
    </Filter>
    <Filter Include="Header Files">
      <UniqueIdentifier>{93995380-89BD-4b04-88EB-625FBE52EBFB}</UniqueIdentifier>
      <Extensions>h;hh;hpp;hxx;hm;inl;inc;ipp;xsd</Extensions>
    </Filter>
    <Filter Include="Resource Files">
      <UniqueIdentifier>{67DA6AB6-F800-4c08-8B7A-83BB121AAD01}</UniqueIdentifier>
      <Extensions>rc;ico;cur;bmp;dlg;rc2;rct;bin;rgs;gif;jpg;jpeg;jpe;resx;tiff;tif;png;wav;mfcribbon-ms</Extensions>
    </Filter>
  </ItemGroup>
  <ItemGroup>
    <ClCompile Include="Player.cpp">
      <Filter>Source Files</Filter>
    </ClCompile>
    <ClCompile Include="Blackjackgame.cpp">
      <Filter>Source Files</Filter>
    </ClCompile>
    <ClCompile Include="Deck.cpp">
      <Filter>Source Files</Filter>
    </ClCompile>
    <ClCompile Include="Card.cpp">
      <Filter>Source Files</Filter>
    </ClCompile>
    <ClCompile Include="Blackjack.cpp">
      <Filter>Source Files</Filter>
    </ClCompile>
    <ClCompile Include="_Player.cpp">
      <Filter>Source Files</Filter>
    </ClCompile>
    <ClCompile Include="_Card.cpp">
      <Filter>Source Files</Filter>
    </ClCompile>
    <ClCompile Include="_Deck.cpp">
      <Filter>Source Files</Filter>
    </ClCompile>
    <ClCompile Include="_Blackjackgame.cpp">
      <Filter>Source Files</Filter>
    </ClCompile>
    <ClCompile Include="Dealer.cpp">
      <Filter>Source Files</Filter>
    </ClCompile>
    <ClCompile Include="_Dealer.cpp">
      <Filter>Source Files</Filter>
    </ClCompile>
  </ItemGroup>
  <ItemGroup>
    <ClInclude Include="Player.h">
      <Filter>Header Files</Filter>
    </ClInclude>
    <ClInclude Include="Blackjackgame.h">
      <Filter>Header Files</Filter>
    </ClInclude>
    <ClInclude Include="Deck.h">
      <Filter>Header Files</Filter>
    </ClInclude>
    <ClInclude Include="Card.h">
      <Filter>Header Files</Filter>
    </ClInclude>
    <ClInclude Include="Blackjack.h">
      <Filter>Header Files</Filter>
    </ClInclude>
    <ClInclude Include="resource.h">
      <Filter>Header Files</Filter>
    </ClInclude>
    <ClInclude Include="_Player.h">
      <Filter>Header Files</Filter>
    </ClInclude>
    <ClInclude Include="_Card.h">
      <Filter>Header Files</Filter>
    </ClInclude>
    <ClInclude Include="_Deck.h">
      <Filter>Header Files</Filter>
    </ClInclude>
    <ClInclude Include="_Blackjackgame.h">
      <Filter>Header Files</Filter>
    </ClInclude>
    <ClInclude Include="Dealer.h">
      <Filter>Header Files</Filter>
    </ClInclude>
    <ClInclude Include="_Dealer.h">
      <Filter>Header Files</Filter>
    </ClInclude>
  </ItemGroup>
  <ItemGroup>
    <EmbeddedResource Include="Blackjack.resx">
      <Filter>Resource Files</Filter>
    </EmbeddedResource>
  </ItemGroup>
  <ItemGroup>
    <ResourceCompile Include="Project1.rc">
      <Filter>Resource Files</Filter>
    </ResourceCompile>
  </ItemGroup>
  <ItemGroup>
    <Image Include="images\smallback.png">
      <Filter>Resource Files</Filter>
    </Image>
    <Image Include="images\1.png">
      <Filter>Resource Files</Filter>
    </Image>
    <Image Include="images\2.png">
      <Filter>Resource Files</Filter>
    </Image>
    <Image Include="images\3.png">
      <Filter>Resource Files</Filter>
    </Image>
    <Image Include="images\4.png">
      <Filter>Resource Files</Filter>
    </Image>
    <Image Include="images\5.png">
      <Filter>Resource Files</Filter>
    </Image>
    <Image Include="images\6.png">
      <Filter>Resource Files</Filter>
    </Image>
    <Image Include="images\7.png">
      <Filter>Resource Files</Filter>
    </Image>
    <Image Include="images\8.png">
      <Filter>Resource Files</Filter>
    </Image>
    <Image Include="images\9.png">
      <Filter>Resource Files</Filter>
    </Image>
    <Image Include="images\10.png">
      <Filter>Resource Files</Filter>
    </Image>
    <Image Include="images\11.png">
      <Filter>Resource Files</Filter>
    </Image>
    <Image Include="images\12.png">
      <Filter>Resource Files</Filter>
    </Image>
    <Image Include="images\13.png">
      <Filter>Resource Files</Filter>
    </Image>
    <Image Include="images\14.png">
      <Filter>Resource Files</Filter>
    </Image>
    <Image Include="images\15.png">
      <Filter>Resource Files</Filter>
    </Image>
    <Image Include="images\16.png">
      <Filter>Resource Files</Filter>
    </Image>
    <Image Include="images\17.png">
      <Filter>Resource Files</Filter>
    </Image>
    <Image Include="images\18.png">
      <Filter>Resource Files</Filter>
    </Image>
    <Image Include="images\19.png">
      <Filter>Resource Files</Filter>
    </Image>
    <Image Include="images\20.png">
      <Filter>Resource Files</Filter>
    </Image>
    <Image Include="images\21.png">
      <Filter>Resource Files</Filter>
    </Image>
    <Image Include="images\22.png">
      <Filter>Resource Files</Filter>
    </Image>
    <Image Include="images\23.png">
      <Filter>Resource Files</Filter>
    </Image>
    <Image Include="images\24.png">
      <Filter>Resource Files</Filter>
    </Image>
    <Image Include="images\25.png">
      <Filter>Resource Files</Filter>
    </Image>
    <Image Include="images\26.png">
      <Filter>Resource Files</Filter>
    </Image>
    <Image Include="images\27.png">
      <Filter>Resource Files</Filter>
    </Image>
    <Image Include="images\28.png">
      <Filter>Resource Files</Filter>
    </Image>
    <Image Include="images\29.png">
      <Filter>Resource Files</Filter>
    </Image>
    <Image Include="images\30.png">
      <Filter>Resource Files</Filter>
    </Image>
    <Image Include="images\31.png">
      <Filter>Resource Files</Filter>
    </Image>
    <Image Include="images\32.png">
      <Filter>Resource Files</Filter>
    </Image>
    <Image Include="images\33.png">
      <Filter>Resource Files</Filter>
    </Image>
    <Image Include="images\34.png">
      <Filter>Resource Files</Filter>
    </Image>
    <Image Include="images\35.png">
      <Filter>Resource Files</Filter>
    </Image>
    <Image Include="images\36.png">
      <Filter>Resource Files</Filter>
    </Image>
    <Image Include="images\37.png">
      <Filter>Resource Files</Filter>
    </Image>
    <Image Include="images\38.png">
      <Filter>Resource Files</Filter>
    </Image>
    <Image Include="images\39.png">
      <Filter>Resource Files</Filter>
    </Image>
    <Image Include="images\40.png">
      <Filter>Resource Files</Filter>
    </Image>
    <Image Include="images\41.png">
      <Filter>Resource Files</Filter>
    </Image>
    <Image Include="images\42.png">
      <Filter>Resource Files</Filter>
    </Image>
    <Image Include="images\43.png">
      <Filter>Resource Files</Filter>
    </Image>
    <Image Include="images\44.png">
      <Filter>Resource Files</Filter>
    </Image>
    <Image Include="images\45.png">
      <Filter>Resource Files</Filter>
    </Image>
    <Image Include="images\46.png">
      <Filter>Resource Files</Filter>
    </Image>
    <Image Include="images\47.png">
      <Filter>Resource Files</Filter>
    </Image>
    <Image Include="images\48.png">
      <Filter>Resource Files</Filter>
    </Image>
    <Image Include="images\49.png">
      <Filter>Resource Files</Filter>
    </Image>
    <Image Include="images\50.png">
      <Filter>Resource Files</Filter>
    </Image>
    <Image Include="images\51.png">
      <Filter>Resource Files</Filter>
    </Image>
    <Image Include="images\52.png">
      <Filter>Resource Files</Filter>
    </Image>
    <Image Include="images\55.png">
      <Filter>Resource Files</Filter>
    </Image>
    <Image Include="images\99.png">
      <Filter>Resource Files</Filter>
    </Image>
    <Image Include="images\back.png">
      <Filter>Resource Files</Filter>
    </Image>
    <Image Include="bitmap1.bmp">
      <Filter>Resource Files</Filter>
    </Image>
    <Image Include="images\blank.PNG">
      <Filter>Resource Files</Filter>
    </Image>
  </ItemGroup>
</Project>